
Microsoft Visual Studio Solution File, Format Version 12.00
# Visual Studio Version 17
VisualStudioVersion = 17.3.32901.215
MinimumVisualStudioVersion = 10.0.40219.1
Project("{9A19103F-16F7-4668-BE54-9A1E7A4F7556}") = "Taskel", "Taskel\Taskel.csproj", "{A924CF7C-5C37-4807-8EEE-7F8DBB8F3D9E}"
	ProjectSection(ProjectDependencies) = postProject
		{6CCF3F49-B87F-4298-92B2-B49ED213A2BA} = {6CCF3F49-B87F-4298-92B2-B49ED213A2BA}
	EndProjectSection
EndProject
Project("{9A19103F-16F7-4668-BE54-9A1E7A4F7556}") = "TaskelDB", "TaskelDB\TaskelDB.csproj", "{6CCF3F49-B87F-4298-92B2-B49ED213A2BA}"
EndProject
Project("{9A19103F-16F7-4668-BE54-9A1E7A4F7556}") = "TaskelDBTests", "TaskelDBTests\TaskelDBTests.csproj", "{EDC0A28A-D1FE-405D-8BEC-1DECBCFF3EF5}"
EndProject
Global
	GlobalSection(SolutionConfigurationPlatforms) = preSolution
		Debug|Any CPU = Debug|Any CPU
		Release|Any CPU = Release|Any CPU
	EndGlobalSection
	GlobalSection(ProjectConfigurationPlatforms) = postSolution
		{A924CF7C-5C37-4807-8EEE-7F8DBB8F3D9E}.Debug|Any CPU.ActiveCfg = Debug|Any CPU
		{A924CF7C-5C37-4807-8EEE-7F8DBB8F3D9E}.Debug|Any CPU.Build.0 = Debug|Any CPU
		{A924CF7C-5C37-4807-8EEE-7F8DBB8F3D9E}.Release|Any CPU.ActiveCfg = Release|Any CPU
		{A924CF7C-5C37-4807-8EEE-7F8DBB8F3D9E}.Release|Any CPU.Build.0 = Release|Any CPU
		{6CCF3F49-B87F-4298-92B2-B49ED213A2BA}.Debug|Any CPU.ActiveCfg = Debug|Any CPU
		{6CCF3F49-B87F-4298-92B2-B49ED213A2BA}.Debug|Any CPU.Build.0 = Debug|Any CPU
		{6CCF3F49-B87F-4298-92B2-B49ED213A2BA}.Release|Any CPU.ActiveCfg = Release|Any CPU
		{6CCF3F49-B87F-4298-92B2-B49ED213A2BA}.Release|Any CPU.Build.0 = Release|Any CPU
		{EDC0A28A-D1FE-405D-8BEC-1DECBCFF3EF5}.Debug|Any CPU.ActiveCfg = Debug|Any CPU
		{EDC0A28A-D1FE-405D-8BEC-1DECBCFF3EF5}.Debug|Any CPU.Build.0 = Debug|Any CPU
		{EDC0A28A-D1FE-405D-8BEC-1DECBCFF3EF5}.Release|Any CPU.ActiveCfg = Release|Any CPU
		{EDC0A28A-D1FE-405D-8BEC-1DECBCFF3EF5}.Release|Any CPU.Build.0 = Release|Any CPU
	EndGlobalSection
	GlobalSection(SolutionProperties) = preSolution
		HideSolutionNode = FALSE
	EndGlobalSection
	GlobalSection(ExtensibilityGlobals) = postSolution
		SolutionGuid = {71F74B18-C647-4375-AD0E-433E9050DA36}
	EndGlobalSection
EndGlobal
